// !$*UTF8*$!
{
	archiveVersion = 1;
	classes = {
	};
	objectVersion = 56;
	objects = {

/* Begin PBXBuildFile section */
		C05E9BCD297413BC001DA312 /* URLSession+Ex.swift in Sources */ = {isa = PBXBuildFile; fileRef = C05E9BCC297413BC001DA312 /* URLSession+Ex.swift */; };
		C05E9BCF29741B01001DA312 /* CacheHelper.swift in Sources */ = {isa = PBXBuildFile; fileRef = C05E9BCE29741B01001DA312 /* CacheHelper.swift */; };
		C0C04066296ECB0100863FD1 /* AppDelegate.swift in Sources */ = {isa = PBXBuildFile; fileRef = C0C04065296ECB0100863FD1 /* AppDelegate.swift */; };
		C0C04068296ECB0100863FD1 /* SceneDelegate.swift in Sources */ = {isa = PBXBuildFile; fileRef = C0C04067296ECB0100863FD1 /* SceneDelegate.swift */; };
		C0C0406A296ECB0100863FD1 /* MainViewController.swift in Sources */ = {isa = PBXBuildFile; fileRef = C0C04069296ECB0100863FD1 /* MainViewController.swift */; };
		C0C0406F296ECB0400863FD1 /* Assets.xcassets in Resources */ = {isa = PBXBuildFile; fileRef = C0C0406E296ECB0400863FD1 /* Assets.xcassets */; };
		C0C04072296ECB0400863FD1 /* LaunchScreen.storyboard in Resources */ = {isa = PBXBuildFile; fileRef = C0C04070296ECB0400863FD1 /* LaunchScreen.storyboard */; };
		C0C0407A296ECC4400863FD1 /* .gitignore in Resources */ = {isa = PBXBuildFile; fileRef = C0C04079296ECC4400863FD1 /* .gitignore */; };
		C0C04080296ED3FF00863FD1 /* Coordinator.swift in Sources */ = {isa = PBXBuildFile; fileRef = C0C0407F296ED3FF00863FD1 /* Coordinator.swift */; };
		C0C04085296ED4E500863FD1 /* MainPresenter.swift in Sources */ = {isa = PBXBuildFile; fileRef = C0C04084296ED4E500863FD1 /* MainPresenter.swift */; };
		C0C04088296ED50E00863FD1 /* NetworkManager.swift in Sources */ = {isa = PBXBuildFile; fileRef = C0C04087296ED50E00863FD1 /* NetworkManager.swift */; };
		C0C0408B296FD07C00863FD1 /* DatePickerView.swift in Sources */ = {isa = PBXBuildFile; fileRef = C0C0408A296FD07C00863FD1 /* DatePickerView.swift */; };
		C0C0408F296FDC5F00863FD1 /* UIColor+Ex.swift in Sources */ = {isa = PBXBuildFile; fileRef = C0C0408E296FDC5F00863FD1 /* UIColor+Ex.swift */; };
		C0C040932970132E00863FD1 /* CGFloat+Ex.swift in Sources */ = {isa = PBXBuildFile; fileRef = C0C040922970132E00863FD1 /* CGFloat+Ex.swift */; };
		C0C04095297014C200863FD1 /* UIButton+Ex.swift in Sources */ = {isa = PBXBuildFile; fileRef = C0C04094297014C200863FD1 /* UIButton+Ex.swift */; };
		C0C040972970165100863FD1 /* Date+Ex.swift in Sources */ = {isa = PBXBuildFile; fileRef = C0C040962970165100863FD1 /* Date+Ex.swift */; };
		C0C0409A29703CBB00863FD1 /* MainNetworkService.swift in Sources */ = {isa = PBXBuildFile; fileRef = C0C0409929703CBB00863FD1 /* MainNetworkService.swift */; };
		C0C0409D29703D5000863FD1 /* Endpoints.swift in Sources */ = {isa = PBXBuildFile; fileRef = C0C0409C29703D5000863FD1 /* Endpoints.swift */; };
		C0C0409F2970543A00863FD1 /* CurrenciesEntity.swift in Sources */ = {isa = PBXBuildFile; fileRef = C0C0409E2970543A00863FD1 /* CurrenciesEntity.swift */; };
		C0C040A1297054BE00863FD1 /* CurrencyModel.swift in Sources */ = {isa = PBXBuildFile; fileRef = C0C040A0297054BE00863FD1 /* CurrencyModel.swift */; };
		C0C040A329706A0B00863FD1 /* CurrancyCell.swift in Sources */ = {isa = PBXBuildFile; fileRef = C0C040A229706A0B00863FD1 /* CurrancyCell.swift */; };
		C0C040A529706E4300863FD1 /* AppFonts.swift in Sources */ = {isa = PBXBuildFile; fileRef = C0C040A429706E4300863FD1 /* AppFonts.swift */; };
		C0C040AB297118A500863FD1 /* SFProText-Semibold.ttf in Resources */ = {isa = PBXBuildFile; fileRef = C0C040A8297118A500863FD1 /* SFProText-Semibold.ttf */; };
		C0C040AC297118A500863FD1 /* SFProDisplay-Bold.ttf in Resources */ = {isa = PBXBuildFile; fileRef = C0C040A9297118A500863FD1 /* SFProDisplay-Bold.ttf */; };
		C0C040AD297118A500863FD1 /* SFProDisplay-Regular.ttf in Resources */ = {isa = PBXBuildFile; fileRef = C0C040AA297118A500863FD1 /* SFProDisplay-Regular.ttf */; };
		C0C040AF2971391C00863FD1 /* CustomStringConvertible+Ex.swift in Sources */ = {isa = PBXBuildFile; fileRef = C0C040AE2971391C00863FD1 /* CustomStringConvertible+Ex.swift */; };
		C0C040B22971582700863FD1 /* MainViewProtocol.swift in Sources */ = {isa = PBXBuildFile; fileRef = C0C040B12971582700863FD1 /* MainViewProtocol.swift */; };
		C0C040B42971584700863FD1 /* MainPresenterProtocol.swift in Sources */ = {isa = PBXBuildFile; fileRef = C0C040B32971584700863FD1 /* MainPresenterProtocol.swift */; };
		C0C040B829715A8800863FD1 /* ConvertorViewController.swift in Sources */ = {isa = PBXBuildFile; fileRef = C0C040B729715A8800863FD1 /* ConvertorViewController.swift */; };
		C0C040BB29715BFC00863FD1 /* ConvertorPresenter.swift in Sources */ = {isa = PBXBuildFile; fileRef = C0C040BA29715BFC00863FD1 /* ConvertorPresenter.swift */; };
		C0C040BF29715D6200863FD1 /* ConvertorPresenterProtocol.swift in Sources */ = {isa = PBXBuildFile; fileRef = C0C040BE29715D6200863FD1 /* ConvertorPresenterProtocol.swift */; };
		C0C040C129715D8500863FD1 /* ConvertorViewProtocol.swift in Sources */ = {isa = PBXBuildFile; fileRef = C0C040C029715D8500863FD1 /* ConvertorViewProtocol.swift */; };
		C0C040C32971633F00863FD1 /* ConvertorInfoView.swift in Sources */ = {isa = PBXBuildFile; fileRef = C0C040C22971633F00863FD1 /* ConvertorInfoView.swift */; };
		C0C040C5297192E200863FD1 /* ConvertorView.swift in Sources */ = {isa = PBXBuildFile; fileRef = C0C040C4297192E200863FD1 /* ConvertorView.swift */; };
		C0C040C72971948200863FD1 /* SFProText-Medium.ttf in Resources */ = {isa = PBXBuildFile; fileRef = C0C040C62971948200863FD1 /* SFProText-Medium.ttf */; };
		C0C040C92971B83500863FD1 /* UIView+Ex.swift in Sources */ = {isa = PBXBuildFile; fileRef = C0C040C82971B83500863FD1 /* UIView+Ex.swift */; };
		C0C040CB2971C10E00863FD1 /* UITextField+Ex.swift in Sources */ = {isa = PBXBuildFile; fileRef = C0C040CA2971C10E00863FD1 /* UITextField+Ex.swift */; };
		C0C040CD2971CA8000863FD1 /* ConvertorItemView.swift in Sources */ = {isa = PBXBuildFile; fileRef = C0C040CC2971CA8000863FD1 /* ConvertorItemView.swift */; };
		C0C040CF2972859A00863FD1 /* ExchangeRateModel.swift in Sources */ = {isa = PBXBuildFile; fileRef = C0C040CE2972859A00863FD1 /* ExchangeRateModel.swift */; };
		C0C040D1297291B200863FD1 /* Double+Ex.swift in Sources */ = {isa = PBXBuildFile; fileRef = C0C040D0297291B200863FD1 /* Double+Ex.swift */; };
		C0C040D32972938300863FD1 /* String+Ex.swift in Sources */ = {isa = PBXBuildFile; fileRef = C0C040D22972938300863FD1 /* String+Ex.swift */; };
/* End PBXBuildFile section */

/* Begin PBXFileReference section */
		C05E9BCC297413BC001DA312 /* URLSession+Ex.swift */ = {isa = PBXFileReference; lastKnownFileType = sourcecode.swift; path = "URLSession+Ex.swift"; sourceTree = "<group>"; };
		C05E9BCE29741B01001DA312 /* CacheHelper.swift */ = {isa = PBXFileReference; lastKnownFileType = sourcecode.swift; path = CacheHelper.swift; sourceTree = "<group>"; };
		C0C04062296ECB0100863FD1 /* ExchangeRate.app */ = {isa = PBXFileReference; explicitFileType = wrapper.application; includeInIndex = 0; path = ExchangeRate.app; sourceTree = BUILT_PRODUCTS_DIR; };
		C0C04065296ECB0100863FD1 /* AppDelegate.swift */ = {isa = PBXFileReference; lastKnownFileType = sourcecode.swift; path = AppDelegate.swift; sourceTree = "<group>"; };
		C0C04067296ECB0100863FD1 /* SceneDelegate.swift */ = {isa = PBXFileReference; lastKnownFileType = sourcecode.swift; path = SceneDelegate.swift; sourceTree = "<group>"; };
		C0C04069296ECB0100863FD1 /* MainViewController.swift */ = {isa = PBXFileReference; lastKnownFileType = sourcecode.swift; path = MainViewController.swift; sourceTree = "<group>"; };
		C0C0406E296ECB0400863FD1 /* Assets.xcassets */ = {isa = PBXFileReference; lastKnownFileType = folder.assetcatalog; path = Assets.xcassets; sourceTree = "<group>"; };
		C0C04071296ECB0400863FD1 /* Base */ = {isa = PBXFileReference; lastKnownFileType = file.storyboard; name = Base; path = Base.lproj/LaunchScreen.storyboard; sourceTree = "<group>"; };
		C0C04073296ECB0400863FD1 /* Info.plist */ = {isa = PBXFileReference; lastKnownFileType = text.plist.xml; path = Info.plist; sourceTree = "<group>"; };
		C0C04079296ECC4400863FD1 /* .gitignore */ = {isa = PBXFileReference; lastKnownFileType = text; path = .gitignore; sourceTree = "<group>"; };
		C0C0407F296ED3FF00863FD1 /* Coordinator.swift */ = {isa = PBXFileReference; lastKnownFileType = sourcecode.swift; path = Coordinator.swift; sourceTree = "<group>"; };
		C0C04084296ED4E500863FD1 /* MainPresenter.swift */ = {isa = PBXFileReference; lastKnownFileType = sourcecode.swift; path = MainPresenter.swift; sourceTree = "<group>"; };
		C0C04087296ED50E00863FD1 /* NetworkManager.swift */ = {isa = PBXFileReference; lastKnownFileType = sourcecode.swift; path = NetworkManager.swift; sourceTree = "<group>"; };
		C0C0408A296FD07C00863FD1 /* DatePickerView.swift */ = {isa = PBXFileReference; lastKnownFileType = sourcecode.swift; path = DatePickerView.swift; sourceTree = "<group>"; };
		C0C0408E296FDC5F00863FD1 /* UIColor+Ex.swift */ = {isa = PBXFileReference; lastKnownFileType = sourcecode.swift; path = "UIColor+Ex.swift"; sourceTree = "<group>"; };
		C0C040922970132E00863FD1 /* CGFloat+Ex.swift */ = {isa = PBXFileReference; lastKnownFileType = sourcecode.swift; path = "CGFloat+Ex.swift"; sourceTree = "<group>"; };
		C0C04094297014C200863FD1 /* UIButton+Ex.swift */ = {isa = PBXFileReference; lastKnownFileType = sourcecode.swift; path = "UIButton+Ex.swift"; sourceTree = "<group>"; };
		C0C040962970165100863FD1 /* Date+Ex.swift */ = {isa = PBXFileReference; lastKnownFileType = sourcecode.swift; path = "Date+Ex.swift"; sourceTree = "<group>"; };
		C0C0409929703CBB00863FD1 /* MainNetworkService.swift */ = {isa = PBXFileReference; lastKnownFileType = sourcecode.swift; path = MainNetworkService.swift; sourceTree = "<group>"; };
		C0C0409C29703D5000863FD1 /* Endpoints.swift */ = {isa = PBXFileReference; lastKnownFileType = sourcecode.swift; path = Endpoints.swift; sourceTree = "<group>"; };
		C0C0409E2970543A00863FD1 /* CurrenciesEntity.swift */ = {isa = PBXFileReference; lastKnownFileType = sourcecode.swift; path = CurrenciesEntity.swift; sourceTree = "<group>"; };
		C0C040A0297054BE00863FD1 /* CurrencyModel.swift */ = {isa = PBXFileReference; lastKnownFileType = sourcecode.swift; path = CurrencyModel.swift; sourceTree = "<group>"; };
		C0C040A229706A0B00863FD1 /* CurrancyCell.swift */ = {isa = PBXFileReference; lastKnownFileType = sourcecode.swift; path = CurrancyCell.swift; sourceTree = "<group>"; };
		C0C040A429706E4300863FD1 /* AppFonts.swift */ = {isa = PBXFileReference; lastKnownFileType = sourcecode.swift; path = AppFonts.swift; sourceTree = "<group>"; };
		C0C040A8297118A500863FD1 /* SFProText-Semibold.ttf */ = {isa = PBXFileReference; lastKnownFileType = file; path = "SFProText-Semibold.ttf"; sourceTree = "<group>"; };
		C0C040A9297118A500863FD1 /* SFProDisplay-Bold.ttf */ = {isa = PBXFileReference; lastKnownFileType = file; path = "SFProDisplay-Bold.ttf"; sourceTree = "<group>"; };
		C0C040AA297118A500863FD1 /* SFProDisplay-Regular.ttf */ = {isa = PBXFileReference; lastKnownFileType = file; path = "SFProDisplay-Regular.ttf"; sourceTree = "<group>"; };
		C0C040AE2971391C00863FD1 /* CustomStringConvertible+Ex.swift */ = {isa = PBXFileReference; lastKnownFileType = sourcecode.swift; path = "CustomStringConvertible+Ex.swift"; sourceTree = "<group>"; };
		C0C040B12971582700863FD1 /* MainViewProtocol.swift */ = {isa = PBXFileReference; lastKnownFileType = sourcecode.swift; path = MainViewProtocol.swift; sourceTree = "<group>"; };
		C0C040B32971584700863FD1 /* MainPresenterProtocol.swift */ = {isa = PBXFileReference; lastKnownFileType = sourcecode.swift; path = MainPresenterProtocol.swift; sourceTree = "<group>"; };
		C0C040B729715A8800863FD1 /* ConvertorViewController.swift */ = {isa = PBXFileReference; lastKnownFileType = sourcecode.swift; path = ConvertorViewController.swift; sourceTree = "<group>"; };
		C0C040BA29715BFC00863FD1 /* ConvertorPresenter.swift */ = {isa = PBXFileReference; lastKnownFileType = sourcecode.swift; path = ConvertorPresenter.swift; sourceTree = "<group>"; };
		C0C040BE29715D6200863FD1 /* ConvertorPresenterProtocol.swift */ = {isa = PBXFileReference; lastKnownFileType = sourcecode.swift; path = ConvertorPresenterProtocol.swift; sourceTree = "<group>"; };
		C0C040C029715D8500863FD1 /* ConvertorViewProtocol.swift */ = {isa = PBXFileReference; lastKnownFileType = sourcecode.swift; path = ConvertorViewProtocol.swift; sourceTree = "<group>"; };
		C0C040C22971633F00863FD1 /* ConvertorInfoView.swift */ = {isa = PBXFileReference; lastKnownFileType = sourcecode.swift; path = ConvertorInfoView.swift; sourceTree = "<group>"; };
		C0C040C4297192E200863FD1 /* ConvertorView.swift */ = {isa = PBXFileReference; lastKnownFileType = sourcecode.swift; path = ConvertorView.swift; sourceTree = "<group>"; };
		C0C040C62971948200863FD1 /* SFProText-Medium.ttf */ = {isa = PBXFileReference; lastKnownFileType = file; path = "SFProText-Medium.ttf"; sourceTree = "<group>"; };
		C0C040C82971B83500863FD1 /* UIView+Ex.swift */ = {isa = PBXFileReference; lastKnownFileType = sourcecode.swift; path = "UIView+Ex.swift"; sourceTree = "<group>"; };
		C0C040CA2971C10E00863FD1 /* UITextField+Ex.swift */ = {isa = PBXFileReference; lastKnownFileType = sourcecode.swift; path = "UITextField+Ex.swift"; sourceTree = "<group>"; };
		C0C040CC2971CA8000863FD1 /* ConvertorItemView.swift */ = {isa = PBXFileReference; lastKnownFileType = sourcecode.swift; path = ConvertorItemView.swift; sourceTree = "<group>"; };
		C0C040CE2972859A00863FD1 /* ExchangeRateModel.swift */ = {isa = PBXFileReference; lastKnownFileType = sourcecode.swift; path = ExchangeRateModel.swift; sourceTree = "<group>"; };
		C0C040D0297291B200863FD1 /* Double+Ex.swift */ = {isa = PBXFileReference; lastKnownFileType = sourcecode.swift; path = "Double+Ex.swift"; sourceTree = "<group>"; };
		C0C040D22972938300863FD1 /* String+Ex.swift */ = {isa = PBXFileReference; lastKnownFileType = sourcecode.swift; path = "String+Ex.swift"; sourceTree = "<group>"; };
/* End PBXFileReference section */

/* Begin PBXFrameworksBuildPhase section */
		C0C0405F296ECB0100863FD1 /* Frameworks */ = {
			isa = PBXFrameworksBuildPhase;
			buildActionMask = 2147483647;
			files = (
			);
			runOnlyForDeploymentPostprocessing = 0;
		};
/* End PBXFrameworksBuildPhase section */

/* Begin PBXGroup section */
		C05E9BD029741FF3001DA312 /* Helpers */ = {
			isa = PBXGroup;
			children = (
				C05E9BCE29741B01001DA312 /* CacheHelper.swift */,
			);
			path = Helpers;
			sourceTree = "<group>";
		};
		C0C04059296ECB0100863FD1 = {
			isa = PBXGroup;
			children = (
				C0C04079296ECC4400863FD1 /* .gitignore */,
				C0C04064296ECB0100863FD1 /* ExchangeRate */,
				C0C04063296ECB0100863FD1 /* Products */,
			);
			sourceTree = "<group>";
		};
		C0C04063296ECB0100863FD1 /* Products */ = {
			isa = PBXGroup;
			children = (
				C0C04062296ECB0100863FD1 /* ExchangeRate.app */,
			);
			name = Products;
			sourceTree = "<group>";
		};
		C0C04064296ECB0100863FD1 /* ExchangeRate */ = {
			isa = PBXGroup;
			children = (
				C0C04089296ED6A400863FD1 /* AppDelegates */,
				C05E9BD029741FF3001DA312 /* Helpers */,
				C0C0408D296FDC4600863FD1 /* Extensions */,
				C0C0408C296FDC1600863FD1 /* Resurces */,
				C0C04086296ED50000863FD1 /* Network */,
				C0C04081296ED45900863FD1 /* Coordinator */,
				C0C0407B296ED1D900863FD1 /* App */,
				C0C0406E296ECB0400863FD1 /* Assets.xcassets */,
				C0C04070296ECB0400863FD1 /* LaunchScreen.storyboard */,
				C0C04073296ECB0400863FD1 /* Info.plist */,
			);
			path = ExchangeRate;
			sourceTree = "<group>";
		};
		C0C0407B296ED1D900863FD1 /* App */ = {
			isa = PBXGroup;
			children = (
				C0C0407C296ED1E300863FD1 /* Screens */,
			);
			path = App;
			sourceTree = "<group>";
		};
		C0C0407C296ED1E300863FD1 /* Screens */ = {
			isa = PBXGroup;
			children = (
				C0C0407D296ED1EB00863FD1 /* Main */,
				C0C040B529715A0F00863FD1 /* Convertor */,
			);
			path = Screens;
			sourceTree = "<group>";
		};
		C0C0407D296ED1EB00863FD1 /* Main */ = {
			isa = PBXGroup;
			children = (
				C0C040B02971581800863FD1 /* Protocols */,
				C0C0409829703CA800863FD1 /* Services */,
				C0C04083296ED4D500863FD1 /* Model */,
				C0C04082296ED4CD00863FD1 /* Presenter */,
				C0C0407E296ED1F400863FD1 /* View */,
			);
			path = Main;
			sourceTree = "<group>";
		};
		C0C0407E296ED1F400863FD1 /* View */ = {
			isa = PBXGroup;
			children = (
				C0C04069296ECB0100863FD1 /* MainViewController.swift */,
				C0C0408A296FD07C00863FD1 /* DatePickerView.swift */,
				C0C040A229706A0B00863FD1 /* CurrancyCell.swift */,
			);
			path = View;
			sourceTree = "<group>";
		};
		C0C04081296ED45900863FD1 /* Coordinator */ = {
			isa = PBXGroup;
			children = (
				C0C0407F296ED3FF00863FD1 /* Coordinator.swift */,
			);
			path = Coordinator;
			sourceTree = "<group>";
		};
		C0C04082296ED4CD00863FD1 /* Presenter */ = {
			isa = PBXGroup;
			children = (
				C0C04084296ED4E500863FD1 /* MainPresenter.swift */,
			);
			path = Presenter;
			sourceTree = "<group>";
		};
		C0C04083296ED4D500863FD1 /* Model */ = {
			isa = PBXGroup;
			children = (
				C0C040A0297054BE00863FD1 /* CurrencyModel.swift */,
			);
			path = Model;
			sourceTree = "<group>";
		};
		C0C04086296ED50000863FD1 /* Network */ = {
			isa = PBXGroup;
			children = (
				C0C0409B29703D3D00863FD1 /* Resurces */,
				C0C04087296ED50E00863FD1 /* NetworkManager.swift */,
				C0C0409E2970543A00863FD1 /* CurrenciesEntity.swift */,
			);
			path = Network;
			sourceTree = "<group>";
		};
		C0C04089296ED6A400863FD1 /* AppDelegates */ = {
			isa = PBXGroup;
			children = (
				C0C04065296ECB0100863FD1 /* AppDelegate.swift */,
				C0C04067296ECB0100863FD1 /* SceneDelegate.swift */,
			);
			path = AppDelegates;
			sourceTree = "<group>";
		};
		C0C0408C296FDC1600863FD1 /* Resurces */ = {
			isa = PBXGroup;
			children = (
				C0C040A62971187A00863FD1 /* Fonts */,
			);
			path = Resurces;
			sourceTree = "<group>";
		};
		C0C0408D296FDC4600863FD1 /* Extensions */ = {
			isa = PBXGroup;
			children = (
				C0C0408E296FDC5F00863FD1 /* UIColor+Ex.swift */,
				C0C040922970132E00863FD1 /* CGFloat+Ex.swift */,
				C0C04094297014C200863FD1 /* UIButton+Ex.swift */,
				C0C040962970165100863FD1 /* Date+Ex.swift */,
				C0C040C82971B83500863FD1 /* UIView+Ex.swift */,
				C0C040CA2971C10E00863FD1 /* UITextField+Ex.swift */,
				C0C040D0297291B200863FD1 /* Double+Ex.swift */,
				C0C040D22972938300863FD1 /* String+Ex.swift */,
				C05E9BCC297413BC001DA312 /* URLSession+Ex.swift */,
				C0C040AE2971391C00863FD1 /* CustomStringConvertible+Ex.swift */,
			);
			path = Extensions;
			sourceTree = "<group>";
		};
		C0C0409829703CA800863FD1 /* Services */ = {
			isa = PBXGroup;
			children = (
				C0C0409929703CBB00863FD1 /* MainNetworkService.swift */,
			);
			path = Services;
			sourceTree = "<group>";
		};
		C0C0409B29703D3D00863FD1 /* Resurces */ = {
			isa = PBXGroup;
			children = (
				C0C0409C29703D5000863FD1 /* Endpoints.swift */,
			);
			path = Resurces;
			sourceTree = "<group>";
		};
		C0C040A62971187A00863FD1 /* Fonts */ = {
			isa = PBXGroup;
			children = (
				C0C040A72971188A00863FD1 /* Fonts */,
				C0C040A429706E4300863FD1 /* AppFonts.swift */,
			);
			path = Fonts;
			sourceTree = "<group>";
		};
		C0C040A72971188A00863FD1 /* Fonts */ = {
			isa = PBXGroup;
			children = (
				C0C040A9297118A500863FD1 /* SFProDisplay-Bold.ttf */,
				C0C040AA297118A500863FD1 /* SFProDisplay-Regular.ttf */,
				C0C040C62971948200863FD1 /* SFProText-Medium.ttf */,
				C0C040A8297118A500863FD1 /* SFProText-Semibold.ttf */,
			);
			path = Fonts;
			sourceTree = "<group>";
		};
		C0C040B02971581800863FD1 /* Protocols */ = {
			isa = PBXGroup;
			children = (
				C0C040B12971582700863FD1 /* MainViewProtocol.swift */,
				C0C040B32971584700863FD1 /* MainPresenterProtocol.swift */,
			);
			path = Protocols;
			sourceTree = "<group>";
		};
		C0C040B529715A0F00863FD1 /* Convertor */ = {
			isa = PBXGroup;
			children = (
				C0C040BD29715CAF00863FD1 /* Protocols */,
				C0C040BC29715CA800863FD1 /* Model */,
				C0C040B929715BF400863FD1 /* Presenter */,
				C0C040B629715A7300863FD1 /* View */,
			);
			path = Convertor;
			sourceTree = "<group>";
		};
		C0C040B629715A7300863FD1 /* View */ = {
			isa = PBXGroup;
			children = (
				C0C040B729715A8800863FD1 /* ConvertorViewController.swift */,
				C0C040C22971633F00863FD1 /* ConvertorInfoView.swift */,
				C0C040C4297192E200863FD1 /* ConvertorView.swift */,
				C0C040CC2971CA8000863FD1 /* ConvertorItemView.swift */,
			);
			path = View;
			sourceTree = "<group>";
		};
		C0C040B929715BF400863FD1 /* Presenter */ = {
			isa = PBXGroup;
			children = (
				C0C040BA29715BFC00863FD1 /* ConvertorPresenter.swift */,
			);
			path = Presenter;
			sourceTree = "<group>";
		};
		C0C040BC29715CA800863FD1 /* Model */ = {
			isa = PBXGroup;
			children = (
				C0C040CE2972859A00863FD1 /* ExchangeRateModel.swift */,
			);
			path = Model;
			sourceTree = "<group>";
		};
		C0C040BD29715CAF00863FD1 /* Protocols */ = {
			isa = PBXGroup;
			children = (
				C0C040BE29715D6200863FD1 /* ConvertorPresenterProtocol.swift */,
				C0C040C029715D8500863FD1 /* ConvertorViewProtocol.swift */,
			);
			path = Protocols;
			sourceTree = "<group>";
		};
/* End PBXGroup section */

/* Begin PBXNativeTarget section */
		C0C04061296ECB0100863FD1 /* ExchangeRate */ = {
			isa = PBXNativeTarget;
			buildConfigurationList = C0C04076296ECB0400863FD1 /* Build configuration list for PBXNativeTarget "ExchangeRate" */;
			buildPhases = (
				C0C0405E296ECB0100863FD1 /* Sources */,
				C0C0405F296ECB0100863FD1 /* Frameworks */,
				C0C04060296ECB0100863FD1 /* Resources */,
			);
			buildRules = (
			);
			dependencies = (
			);
			name = ExchangeRate;
			productName = ExchangeRate;
			productReference = C0C04062296ECB0100863FD1 /* ExchangeRate.app */;
			productType = "com.apple.product-type.application";
		};
/* End PBXNativeTarget section */

/* Begin PBXProject section */
		C0C0405A296ECB0100863FD1 /* Project object */ = {
			isa = PBXProject;
			attributes = {
				BuildIndependentTargetsInParallel = 1;
				LastSwiftUpdateCheck = 1400;
				LastUpgradeCheck = 1400;
				TargetAttributes = {
					C0C04061296ECB0100863FD1 = {
						CreatedOnToolsVersion = 14.0.1;
					};
				};
			};
			buildConfigurationList = C0C0405D296ECB0100863FD1 /* Build configuration list for PBXProject "ExchangeRate" */;
			compatibilityVersion = "Xcode 14.0";
			developmentRegion = en;
			hasScannedForEncodings = 0;
			knownRegions = (
				en,
				Base,
			);
			mainGroup = C0C04059296ECB0100863FD1;
			productRefGroup = C0C04063296ECB0100863FD1 /* Products */;
			projectDirPath = "";
			projectRoot = "";
			targets = (
				C0C04061296ECB0100863FD1 /* ExchangeRate */,
			);
		};
/* End PBXProject section */

/* Begin PBXResourcesBuildPhase section */
		C0C04060296ECB0100863FD1 /* Resources */ = {
			isa = PBXResourcesBuildPhase;
			buildActionMask = 2147483647;
			files = (
				C0C0407A296ECC4400863FD1 /* .gitignore in Resources */,
				C0C040C72971948200863FD1 /* SFProText-Medium.ttf in Resources */,
				C0C040AB297118A500863FD1 /* SFProText-Semibold.ttf in Resources */,
				C0C040AC297118A500863FD1 /* SFProDisplay-Bold.ttf in Resources */,
				C0C040AD297118A500863FD1 /* SFProDisplay-Regular.ttf in Resources */,
				C0C04072296ECB0400863FD1 /* LaunchScreen.storyboard in Resources */,
				C0C0406F296ECB0400863FD1 /* Assets.xcassets in Resources */,
			);
			runOnlyForDeploymentPostprocessing = 0;
		};
/* End PBXResourcesBuildPhase section */

/* Begin PBXSourcesBuildPhase section */
		C0C0405E296ECB0100863FD1 /* Sources */ = {
			isa = PBXSourcesBuildPhase;
			buildActionMask = 2147483647;
			files = (
				C0C0408F296FDC5F00863FD1 /* UIColor+Ex.swift in Sources */,
				C0C040BB29715BFC00863FD1 /* ConvertorPresenter.swift in Sources */,
				C05E9BCF29741B01001DA312 /* CacheHelper.swift in Sources */,
				C0C04088296ED50E00863FD1 /* NetworkManager.swift in Sources */,
				C0C0409D29703D5000863FD1 /* Endpoints.swift in Sources */,
				C0C04085296ED4E500863FD1 /* MainPresenter.swift in Sources */,
				C0C040C129715D8500863FD1 /* ConvertorViewProtocol.swift in Sources */,
				C0C040BF29715D6200863FD1 /* ConvertorPresenterProtocol.swift in Sources */,
				C05E9BCD297413BC001DA312 /* URLSession+Ex.swift in Sources */,
				C0C04080296ED3FF00863FD1 /* Coordinator.swift in Sources */,
				C0C040B42971584700863FD1 /* MainPresenterProtocol.swift in Sources */,
				C0C040D32972938300863FD1 /* String+Ex.swift in Sources */,
				C0C040C5297192E200863FD1 /* ConvertorView.swift in Sources */,
				C0C040A1297054BE00863FD1 /* CurrencyModel.swift in Sources */,
				C0C0409A29703CBB00863FD1 /* MainNetworkService.swift in Sources */,
				C0C0406A296ECB0100863FD1 /* MainViewController.swift in Sources */,
				C0C040932970132E00863FD1 /* CGFloat+Ex.swift in Sources */,
				C0C040A529706E4300863FD1 /* AppFonts.swift in Sources */,
				C0C040AF2971391C00863FD1 /* CustomStringConvertible+Ex.swift in Sources */,
				C0C040CD2971CA8000863FD1 /* ConvertorItemView.swift in Sources */,
				C0C0409F2970543A00863FD1 /* CurrenciesEntity.swift in Sources */,
				C0C040A329706A0B00863FD1 /* CurrancyCell.swift in Sources */,
				C0C040D1297291B200863FD1 /* Double+Ex.swift in Sources */,
				C0C040CB2971C10E00863FD1 /* UITextField+Ex.swift in Sources */,
				C0C040CF2972859A00863FD1 /* ExchangeRateModel.swift in Sources */,
				C0C040972970165100863FD1 /* Date+Ex.swift in Sources */,
				C0C0408B296FD07C00863FD1 /* DatePickerView.swift in Sources */,
				C0C04066296ECB0100863FD1 /* AppDelegate.swift in Sources */,
				C0C04095297014C200863FD1 /* UIButton+Ex.swift in Sources */,
				C0C040B829715A8800863FD1 /* ConvertorViewController.swift in Sources */,
				C0C040C32971633F00863FD1 /* ConvertorInfoView.swift in Sources */,
				C0C04068296ECB0100863FD1 /* SceneDelegate.swift in Sources */,
				C0C040B22971582700863FD1 /* MainViewProtocol.swift in Sources */,
				C0C040C92971B83500863FD1 /* UIView+Ex.swift in Sources */,
			);
			runOnlyForDeploymentPostprocessing = 0;
		};
/* End PBXSourcesBuildPhase section */

/* Begin PBXVariantGroup section */
		C0C04070296ECB0400863FD1 /* LaunchScreen.storyboard */ = {
			isa = PBXVariantGroup;
			children = (
				C0C04071296ECB0400863FD1 /* Base */,
			);
			name = LaunchScreen.storyboard;
			sourceTree = "<group>";
		};
/* End PBXVariantGroup section */

/* Begin XCBuildConfiguration section */
		C0C04074296ECB0400863FD1 /* Debug */ = {
			isa = XCBuildConfiguration;
			buildSettings = {
				ALWAYS_SEARCH_USER_PATHS = NO;
				CLANG_ANALYZER_NONNULL = YES;
				CLANG_ANALYZER_NUMBER_OBJECT_CONVERSION = YES_AGGRESSIVE;
				CLANG_CXX_LANGUAGE_STANDARD = "gnu++20";
				CLANG_ENABLE_MODULES = YES;
				CLANG_ENABLE_OBJC_ARC = YES;
				CLANG_ENABLE_OBJC_WEAK = YES;
				CLANG_WARN_BLOCK_CAPTURE_AUTORELEASING = YES;
				CLANG_WARN_BOOL_CONVERSION = YES;
				CLANG_WARN_COMMA = YES;
				CLANG_WARN_CONSTANT_CONVERSION = YES;
				CLANG_WARN_DEPRECATED_OBJC_IMPLEMENTATIONS = YES;
				CLANG_WARN_DIRECT_OBJC_ISA_USAGE = YES_ERROR;
				CLANG_WARN_DOCUMENTATION_COMMENTS = YES;
				CLANG_WARN_EMPTY_BODY = YES;
				CLANG_WARN_ENUM_CONVERSION = YES;
				CLANG_WARN_INFINITE_RECURSION = YES;
				CLANG_WARN_INT_CONVERSION = YES;
				CLANG_WARN_NON_LITERAL_NULL_CONVERSION = YES;
				CLANG_WARN_OBJC_IMPLICIT_RETAIN_SELF = YES;
				CLANG_WARN_OBJC_LITERAL_CONVERSION = YES;
				CLANG_WARN_OBJC_ROOT_CLASS = YES_ERROR;
				CLANG_WARN_QUOTED_INCLUDE_IN_FRAMEWORK_HEADER = YES;
				CLANG_WARN_RANGE_LOOP_ANALYSIS = YES;
				CLANG_WARN_STRICT_PROTOTYPES = YES;
				CLANG_WARN_SUSPICIOUS_MOVE = YES;
				CLANG_WARN_UNGUARDED_AVAILABILITY = YES_AGGRESSIVE;
				CLANG_WARN_UNREACHABLE_CODE = YES;
				CLANG_WARN__DUPLICATE_METHOD_MATCH = YES;
				COPY_PHASE_STRIP = NO;
				DEBUG_INFORMATION_FORMAT = dwarf;
				ENABLE_STRICT_OBJC_MSGSEND = YES;
				ENABLE_TESTABILITY = YES;
				GCC_C_LANGUAGE_STANDARD = gnu11;
				GCC_DYNAMIC_NO_PIC = NO;
				GCC_NO_COMMON_BLOCKS = YES;
				GCC_OPTIMIZATION_LEVEL = 0;
				GCC_PREPROCESSOR_DEFINITIONS = (
					"DEBUG=1",
					"$(inherited)",
				);
				GCC_WARN_64_TO_32_BIT_CONVERSION = YES;
				GCC_WARN_ABOUT_RETURN_TYPE = YES_ERROR;
				GCC_WARN_UNDECLARED_SELECTOR = YES;
				GCC_WARN_UNINITIALIZED_AUTOS = YES_AGGRESSIVE;
				GCC_WARN_UNUSED_FUNCTION = YES;
				GCC_WARN_UNUSED_VARIABLE = YES;
				IPHONEOS_DEPLOYMENT_TARGET = 13.0;
				MTL_ENABLE_DEBUG_INFO = INCLUDE_SOURCE;
				MTL_FAST_MATH = YES;
				ONLY_ACTIVE_ARCH = YES;
				SDKROOT = iphoneos;
				SWIFT_ACTIVE_COMPILATION_CONDITIONS = DEBUG;
				SWIFT_OPTIMIZATION_LEVEL = "-Onone";
			};
			name = Debug;
		};
		C0C04075296ECB0400863FD1 /* Release */ = {
			isa = XCBuildConfiguration;
			buildSettings = {
				ALWAYS_SEARCH_USER_PATHS = NO;
				CLANG_ANALYZER_NONNULL = YES;
				CLANG_ANALYZER_NUMBER_OBJECT_CONVERSION = YES_AGGRESSIVE;
				CLANG_CXX_LANGUAGE_STANDARD = "gnu++20";
				CLANG_ENABLE_MODULES = YES;
				CLANG_ENABLE_OBJC_ARC = YES;
				CLANG_ENABLE_OBJC_WEAK = YES;
				CLANG_WARN_BLOCK_CAPTURE_AUTORELEASING = YES;
				CLANG_WARN_BOOL_CONVERSION = YES;
				CLANG_WARN_COMMA = YES;
				CLANG_WARN_CONSTANT_CONVERSION = YES;
				CLANG_WARN_DEPRECATED_OBJC_IMPLEMENTATIONS = YES;
				CLANG_WARN_DIRECT_OBJC_ISA_USAGE = YES_ERROR;
				CLANG_WARN_DOCUMENTATION_COMMENTS = YES;
				CLANG_WARN_EMPTY_BODY = YES;
				CLANG_WARN_ENUM_CONVERSION = YES;
				CLANG_WARN_INFINITE_RECURSION = YES;
				CLANG_WARN_INT_CONVERSION = YES;
				CLANG_WARN_NON_LITERAL_NULL_CONVERSION = YES;
				CLANG_WARN_OBJC_IMPLICIT_RETAIN_SELF = YES;
				CLANG_WARN_OBJC_LITERAL_CONVERSION = YES;
				CLANG_WARN_OBJC_ROOT_CLASS = YES_ERROR;
				CLANG_WARN_QUOTED_INCLUDE_IN_FRAMEWORK_HEADER = YES;
				CLANG_WARN_RANGE_LOOP_ANALYSIS = YES;
				CLANG_WARN_STRICT_PROTOTYPES = YES;
				CLANG_WARN_SUSPICIOUS_MOVE = YES;
				CLANG_WARN_UNGUARDED_AVAILABILITY = YES_AGGRESSIVE;
				CLANG_WARN_UNREACHABLE_CODE = YES;
				CLANG_WARN__DUPLICATE_METHOD_MATCH = YES;
				COPY_PHASE_STRIP = NO;
				DEBUG_INFORMATION_FORMAT = "dwarf-with-dsym";
				ENABLE_NS_ASSERTIONS = NO;
				ENABLE_STRICT_OBJC_MSGSEND = YES;
				GCC_C_LANGUAGE_STANDARD = gnu11;
				GCC_NO_COMMON_BLOCKS = YES;
				GCC_WARN_64_TO_32_BIT_CONVERSION = YES;
				GCC_WARN_ABOUT_RETURN_TYPE = YES_ERROR;
				GCC_WARN_UNDECLARED_SELECTOR = YES;
				GCC_WARN_UNINITIALIZED_AUTOS = YES_AGGRESSIVE;
				GCC_WARN_UNUSED_FUNCTION = YES;
				GCC_WARN_UNUSED_VARIABLE = YES;
				IPHONEOS_DEPLOYMENT_TARGET = 13.0;
				MTL_ENABLE_DEBUG_INFO = NO;
				MTL_FAST_MATH = YES;
				SDKROOT = iphoneos;
				SWIFT_COMPILATION_MODE = wholemodule;
				SWIFT_OPTIMIZATION_LEVEL = "-O";
				VALIDATE_PRODUCT = YES;
			};
			name = Release;
		};
		C0C04077296ECB0400863FD1 /* Debug */ = {
			isa = XCBuildConfiguration;
			buildSettings = {
				ASSETCATALOG_COMPILER_APPICON_NAME = AppIcon;
				ASSETCATALOG_COMPILER_GLOBAL_ACCENT_COLOR_NAME = AccentColor;
				CODE_SIGN_STYLE = Automatic;
				CURRENT_PROJECT_VERSION = 1;
				DEVELOPMENT_TEAM = CDMM7YYVLS;
				GENERATE_INFOPLIST_FILE = YES;
				INFOPLIST_FILE = ExchangeRate/Info.plist;
				INFOPLIST_KEY_UIApplicationSupportsIndirectInputEvents = YES;
				INFOPLIST_KEY_UILaunchStoryboardName = LaunchScreen.storyboard;
				INFOPLIST_KEY_UIStatusBarStyle = "";
				INFOPLIST_KEY_UISupportedInterfaceOrientations = UIInterfaceOrientationPortrait;
				INFOPLIST_KEY_UISupportedInterfaceOrientations_iPad = "UIInterfaceOrientationLandscapeLeft UIInterfaceOrientationLandscapeRight UIInterfaceOrientationPortrait UIInterfaceOrientationPortraitUpsideDown";
				IPHONEOS_DEPLOYMENT_TARGET = 13.0;
				LD_RUNPATH_SEARCH_PATHS = (
					"$(inherited)",
					"@executable_path/Frameworks",
				);
				MARKETING_VERSION = 1.0;
				PRODUCT_BUNDLE_IDENTIFIER = com.DmitriiLipuntsov.ExchangeRate;
				PRODUCT_NAME = "$(TARGET_NAME)";
				SUPPORTED_PLATFORMS = "iphoneos iphonesimulator";
				SUPPORTS_MACCATALYST = NO;
				SUPPORTS_MAC_DESIGNED_FOR_IPHONE_IPAD = NO;
				SWIFT_EMIT_LOC_STRINGS = YES;
				SWIFT_VERSION = 5.0;
				TARGETED_DEVICE_FAMILY = 1;
			};
			name = Debug;
		};
		C0C04078296ECB0400863FD1 /* Release */ = {
			isa = XCBuildConfiguration;
			buildSettings = {
				ASSETCATALOG_COMPILER_APPICON_NAME = AppIcon;
				ASSETCATALOG_COMPILER_GLOBAL_ACCENT_COLOR_NAME = AccentColor;
				CODE_SIGN_STYLE = Automatic;
				CURRENT_PROJECT_VERSION = 1;
				DEVELOPMENT_TEAM = CDMM7YYVLS;
				GENERATE_INFOPLIST_FILE = YES;
				INFOPLIST_FILE = ExchangeRate/Info.plist;
				INFOPLIST_KEY_UIApplicationSupportsIndirectInputEvents = YES;
				INFOPLIST_KEY_UILaunchStoryboardName = LaunchScreen.storyboard;
				INFOPLIST_KEY_UIStatusBarStyle = "";
				INFOPLIST_KEY_UISupportedInterfaceOrientations = UIInterfaceOrientationPortrait;
				INFOPLIST_KEY_UISupportedInterfaceOrientations_iPad = "UIInterfaceOrientationLandscapeLeft UIInterfaceOrientationLandscapeRight UIInterfaceOrientationPortrait UIInterfaceOrientationPortraitUpsideDown";
				IPHONEOS_DEPLOYMENT_TARGET = 13.0;
				LD_RUNPATH_SEARCH_PATHS = (
					"$(inherited)",
					"@executable_path/Frameworks",
				);
				MARKETING_VERSION = 1.0;
				PRODUCT_BUNDLE_IDENTIFIER = com.DmitriiLipuntsov.ExchangeRate;
				PRODUCT_NAME = "$(TARGET_NAME)";
				SUPPORTED_PLATFORMS = "iphoneos iphonesimulator";
				SUPPORTS_MACCATALYST = NO;
				SUPPORTS_MAC_DESIGNED_FOR_IPHONE_IPAD = NO;
				SWIFT_EMIT_LOC_STRINGS = YES;
				SWIFT_VERSION = 5.0;
				TARGETED_DEVICE_FAMILY = 1;
			};
			name = Release;
		};
/* End XCBuildConfiguration section */

/* Begin XCConfigurationList section */
		C0C0405D296ECB0100863FD1 /* Build configuration list for PBXProject "ExchangeRate" */ = {
			isa = XCConfigurationList;
			buildConfigurations = (
				C0C04074296ECB0400863FD1 /* Debug */,
				C0C04075296ECB0400863FD1 /* Release */,
			);
			defaultConfigurationIsVisible = 0;
			defaultConfigurationName = Release;
		};
		C0C04076296ECB0400863FD1 /* Build configuration list for PBXNativeTarget "ExchangeRate" */ = {
			isa = XCConfigurationList;
			buildConfigurations = (
				C0C04077296ECB0400863FD1 /* Debug */,
				C0C04078296ECB0400863FD1 /* Release */,
			);
			defaultConfigurationIsVisible = 0;
			defaultConfigurationName = Release;
		};
/* End XCConfigurationList section */
	};
	rootObject = C0C0405A296ECB0100863FD1 /* Project object */;
}
